
Microsoft Visual Studio Solution File, Format Version 12.00
# Visual Studio Version 17
VisualStudioVersion = 17.7.34031.279
MinimumVisualStudioVersion = 10.0.40219.1
Project("{FAE04EC0-301F-11D3-BF4B-00C04F79EFBC}") = "MultiplexManagementSystem", "MultiplexManagementSystem\MultiplexManagementSystem.csproj", "{31E8DD9F-7979-42F0-A764-1656F49068F8}"
EndProject
Global
	GlobalSection(SolutionConfigurationPlatforms) = preSolution
		Debug|Any CPU = Debug|Any CPU
		Release|Any CPU = Release|Any CPU
	EndGlobalSection
	GlobalSection(ProjectConfigurationPlatforms) = postSolution
		{31E8DD9F-7979-42F0-A764-1656F49068F8}.Debug|Any CPU.ActiveCfg = Debug|Any CPU
		{31E8DD9F-7979-42F0-A764-1656F49068F8}.Debug|Any CPU.Build.0 = Debug|Any CPU
		{31E8DD9F-7979-42F0-A764-1656F49068F8}.Release|Any CPU.ActiveCfg = Release|Any CPU
		{31E8DD9F-7979-42F0-A764-1656F49068F8}.Release|Any CPU.Build.0 = Release|Any CPU
	EndGlobalSection
	GlobalSection(SolutionProperties) = preSolution
		HideSolutionNode = FALSE
	EndGlobalSection
	GlobalSection(ExtensibilityGlobals) = postSolution
		SolutionGuid = {BE84B142-0B32-443F-BB7D-C4B97F794022}
	EndGlobalSection
EndGlobal
